// !$*UTF8*$!
{
	archiveVersion = 1;
	classes = {
	};
	objectVersion = 46;
	objects = {

/* Begin PBXBuildFile section */
		4C5756271C50AF93009C0BFB /* main.m in Sources */ = {isa = PBXBuildFile; fileRef = 4C5756261C50AF93009C0BFB /* main.m */; };
		4C57562A1C50AF93009C0BFB /* AppDelegate.m in Sources */ = {isa = PBXBuildFile; fileRef = 4C5756291C50AF93009C0BFB /* AppDelegate.m */; };
		4C57562D1C50AF93009C0BFB /* ViewController.m in Sources */ = {isa = PBXBuildFile; fileRef = 4C57562C1C50AF93009C0BFB /* ViewController.m */; };
		4C5756301C50AF93009C0BFB /* Main.storyboard in Resources */ = {isa = PBXBuildFile; fileRef = 4C57562E1C50AF93009C0BFB /* Main.storyboard */; };
		4C5756321C50AF93009C0BFB /* Assets.xcassets in Resources */ = {isa = PBXBuildFile; fileRef = 4C5756311C50AF93009C0BFB /* Assets.xcassets */; };
		4C5756351C50AF93009C0BFB /* LaunchScreen.storyboard in Resources */ = {isa = PBXBuildFile; fileRef = 4C5756331C50AF93009C0BFB /* LaunchScreen.storyboard */; };
		4C5756401C50AF94009C0BFB /* FireworksTests.m in Sources */ = {isa = PBXBuildFile; fileRef = 4C57563F1C50AF94009C0BFB /* FireworksTests.m */; };
		4C57564B1C50AF94009C0BFB /* FireworksUITests.m in Sources */ = {isa = PBXBuildFile; fileRef = 4C57564A1C50AF94009C0BFB /* FireworksUITests.m */; };
		4C5756591C50B09E009C0BFB /* ImageIO.framework in Frameworks */ = {isa = PBXBuildFile; fileRef = 4C5756581C50B09E009C0BFB /* ImageIO.framework */; };
		4C57565B1C50B0A7009C0BFB /* QuartzCore.framework in Frameworks */ = {isa = PBXBuildFile; fileRef = 4C57565A1C50B0A7009C0BFB /* QuartzCore.framework */; };
		4C57565D1C50B0BB009C0BFB /* fire.png in Resources */ = {isa = PBXBuildFile; fileRef = 4C57565C1C50B0BB009C0BFB /* fire.png */; };
		4C57565F1C50B3A0009C0BFB /* snow.png in Resources */ = {isa = PBXBuildFile; fileRef = 4C57565E1C50B3A0009C0BFB /* snow.png */; };
		4C5756611C50B3A5009C0BFB /* ball.png in Resources */ = {isa = PBXBuildFile; fileRef = 4C5756601C50B3A5009C0BFB /* ball.png */; };
/* End PBXBuildFile section */

/* Begin PBXContainerItemProxy section */
		4C57563C1C50AF94009C0BFB /* PBXContainerItemProxy */ = {
			isa = PBXContainerItemProxy;
			containerPortal = 4C57561A1C50AF93009C0BFB /* Project object */;
			proxyType = 1;
			remoteGlobalIDString = 4C5756211C50AF93009C0BFB;
			remoteInfo = Fireworks;
		};
		4C5756471C50AF94009C0BFB /* PBXContainerItemProxy */ = {
			isa = PBXContainerItemProxy;
			containerPortal = 4C57561A1C50AF93009C0BFB /* Project object */;
			proxyType = 1;
			remoteGlobalIDString = 4C5756211C50AF93009C0BFB;
			remoteInfo = Fireworks;
		};
/* End PBXContainerItemProxy section */

/* Begin PBXFileReference section */
		4C5756221C50AF93009C0BFB /* Fireworks.app */ = {isa = PBXFileReference; explicitFileType = wrapper.application; includeInIndex = 0; path = Fireworks.app; sourceTree = BUILT_PRODUCTS_DIR; };
		4C5756261C50AF93009C0BFB /* main.m */ = {isa = PBXFileReference; lastKnownFileType = sourcecode.c.objc; path = main.m; sourceTree = "<group>"; };
		4C5756281C50AF93009C0BFB /* AppDelegate.h */ = {isa = PBXFileReference; lastKnownFileType = sourcecode.c.h; path = AppDelegate.h; sourceTree = "<group>"; };
		4C5756291C50AF93009C0BFB /* AppDelegate.m */ = {isa = PBXFileReference; lastKnownFileType = sourcecode.c.objc; path = AppDelegate.m; sourceTree = "<group>"; };
		4C57562B1C50AF93009C0BFB /* ViewController.h */ = {isa = PBXFileReference; lastKnownFileType = sourcecode.c.h; path = ViewController.h; sourceTree = "<group>"; };
		4C57562C1C50AF93009C0BFB /* ViewController.m */ = {isa = PBXFileReference; lastKnownFileType = sourcecode.c.objc; path = ViewController.m; sourceTree = "<group>"; };
		4C57562F1C50AF93009C0BFB /* Base */ = {isa = PBXFileReference; lastKnownFileType = file.storyboard; name = Base; path = Base.lproj/Main.storyboard; sourceTree = "<group>"; };
		4C5756311C50AF93009C0BFB /* Assets.xcassets */ = {isa = PBXFileReference; lastKnownFileType = folder.assetcatalog; path = Assets.xcassets; sourceTree = "<group>"; };
		4C5756341C50AF93009C0BFB /* Base */ = {isa = PBXFileReference; lastKnownFileType = file.storyboard; name = Base; path = Base.lproj/LaunchScreen.storyboard; sourceTree = "<group>"; };
		4C5756361C50AF93009C0BFB /* Info.plist */ = {isa = PBXFileReference; lastKnownFileType = text.plist.xml; path = Info.plist; sourceTree = "<group>"; };
		4C57563B1C50AF94009C0BFB /* FireworksTests.xctest */ = {isa = PBXFileReference; explicitFileType = wrapper.cfbundle; includeInIndex = 0; path = FireworksTests.xctest; sourceTree = BUILT_PRODUCTS_DIR; };
		4C57563F1C50AF94009C0BFB /* FireworksTests.m */ = {isa = PBXFileReference; lastKnownFileType = sourcecode.c.objc; path = FireworksTests.m; sourceTree = "<group>"; };
		4C5756411C50AF94009C0BFB /* Info.plist */ = {isa = PBXFileReference; lastKnownFileType = text.plist.xml; path = Info.plist; sourceTree = "<group>"; };
		4C5756461C50AF94009C0BFB /* FireworksUITests.xctest */ = {isa = PBXFileReference; explicitFileType = wrapper.cfbundle; includeInIndex = 0; path = FireworksUITests.xctest; sourceTree = BUILT_PRODUCTS_DIR; };
		4C57564A1C50AF94009C0BFB /* FireworksUITests.m */ = {isa = PBXFileReference; lastKnownFileType = sourcecode.c.objc; path = FireworksUITests.m; sourceTree = "<group>"; };
		4C57564C1C50AF94009C0BFB /* Info.plist */ = {isa = PBXFileReference; lastKnownFileType = text.plist.xml; path = Info.plist; sourceTree = "<group>"; };
		4C5756581C50B09E009C0BFB /* ImageIO.framework */ = {isa = PBXFileReference; lastKnownFileType = wrapper.framework; name = ImageIO.framework; path = System/Library/Frameworks/ImageIO.framework; sourceTree = SDKROOT; };
		4C57565A1C50B0A7009C0BFB /* QuartzCore.framework */ = {isa = PBXFileReference; lastKnownFileType = wrapper.framework; name = QuartzCore.framework; path = System/Library/Frameworks/QuartzCore.framework; sourceTree = SDKROOT; };
		4C57565C1C50B0BB009C0BFB /* fire.png */ = {isa = PBXFileReference; lastKnownFileType = image.png; path = fire.png; sourceTree = "<group>"; };
		4C57565E1C50B3A0009C0BFB /* snow.png */ = {isa = PBXFileReference; lastKnownFileType = image.png; path = snow.png; sourceTree = "<group>"; };
		4C5756601C50B3A5009C0BFB /* ball.png */ = {isa = PBXFileReference; lastKnownFileType = image.png; path = ball.png; sourceTree = "<group>"; };
/* End PBXFileReference section */

/* Begin PBXFrameworksBuildPhase section */
		4C57561F1C50AF93009C0BFB /* Frameworks */ = {
			isa = PBXFrameworksBuildPhase;
			buildActionMask = 2147483647;
			files = (
				4C57565B1C50B0A7009C0BFB /* QuartzCore.framework in Frameworks */,
				4C5756591C50B09E009C0BFB /* ImageIO.framework in Frameworks */,
			);
			runOnlyForDeploymentPostprocessing = 0;
		};
		4C5756381C50AF94009C0BFB /* Frameworks */ = {
			isa = PBXFrameworksBuildPhase;
			buildActionMask = 2147483647;
			files = (
			);
			runOnlyForDeploymentPostprocessing = 0;
		};
		4C5756431C50AF94009C0BFB /* Frameworks */ = {
			isa = PBXFrameworksBuildPhase;
			buildActionMask = 2147483647;
			files = (
			);
			runOnlyForDeploymentPostprocessing = 0;
		};
/* End PBXFrameworksBuildPhase section */

/* Begin PBXGroup section */
		4C5756191C50AF93009C0BFB = {
			isa = PBXGroup;
			children = (
				4C57565A1C50B0A7009C0BFB /* QuartzCore.framework */,
				4C5756581C50B09E009C0BFB /* ImageIO.framework */,
				4C5756241C50AF93009C0BFB /* Fireworks */,
				4C57563E1C50AF94009C0BFB /* FireworksTests */,
				4C5756491C50AF94009C0BFB /* FireworksUITests */,
				4C5756231C50AF93009C0BFB /* Products */,
			);
			sourceTree = "<group>";
		};
		4C5756231C50AF93009C0BFB /* Products */ = {
			isa = PBXGroup;
			children = (
				4C5756221C50AF93009C0BFB /* Fireworks.app */,
				4C57563B1C50AF94009C0BFB /* FireworksTests.xctest */,
				4C5756461C50AF94009C0BFB /* FireworksUITests.xctest */,
			);
			name = Products;
			sourceTree = "<group>";
		};
		4C5756241C50AF93009C0BFB /* Fireworks */ = {
			isa = PBXGroup;
			children = (
				4C57565C1C50B0BB009C0BFB /* fire.png */,
				4C57565E1C50B3A0009C0BFB /* snow.png */,
				4C5756601C50B3A5009C0BFB /* ball.png */,
				4C5756281C50AF93009C0BFB /* AppDelegate.h */,
				4C5756291C50AF93009C0BFB /* AppDelegate.m */,
				4C57562B1C50AF93009C0BFB /* ViewController.h */,
				4C57562C1C50AF93009C0BFB /* ViewController.m */,
				4C57562E1C50AF93009C0BFB /* Main.storyboard */,
				4C5756311C50AF93009C0BFB /* Assets.xcassets */,
				4C5756331C50AF93009C0BFB /* LaunchScreen.storyboard */,
				4C5756361C50AF93009C0BFB /* Info.plist */,
				4C5756251C50AF93009C0BFB /* Supporting Files */,
			);
			path = Fireworks;
			sourceTree = "<group>";
		};
		4C5756251C50AF93009C0BFB /* Supporting Files */ = {
			isa = PBXGroup;
			children = (
				4C5756261C50AF93009C0BFB /* main.m */,
			);
			name = "Supporting Files";
			sourceTree = "<group>";
		};
		4C57563E1C50AF94009C0BFB /* FireworksTests */ = {
			isa = PBXGroup;
			children = (
				4C57563F1C50AF94009C0BFB /* FireworksTests.m */,
				4C5756411C50AF94009C0BFB /* Info.plist */,
			);
			path = FireworksTests;
			sourceTree = "<group>";
		};
		4C5756491C50AF94009C0BFB /* FireworksUITests */ = {
			isa = PBXGroup;
			children = (
				4C57564A1C50AF94009C0BFB /* FireworksUITests.m */,
				4C57564C1C50AF94009C0BFB /* Info.plist */,
			);
			path = FireworksUITests;
			sourceTree = "<group>";
		};
/* End PBXGroup section */

/* Begin PBXNativeTarget section */
		4C5756211C50AF93009C0BFB /* Fireworks */ = {
			isa = PBXNativeTarget;
			buildConfigurationList = 4C57564F1C50AF94009C0BFB /* Build configuration list for PBXNativeTarget "Fireworks" */;
			buildPhases = (
				4C57561E1C50AF93009C0BFB /* Sources */,
				4C57561F1C50AF93009C0BFB /* Frameworks */,
				4C5756201C50AF93009C0BFB /* Resources */,
			);
			buildRules = (
			);
			dependencies = (
			);
			name = Fireworks;
			productName = Fireworks;
			productReference = 4C5756221C50AF93009C0BFB /* Fireworks.app */;
			productType = "com.apple.product-type.application";
		};
		4C57563A1C50AF94009C0BFB /* FireworksTests */ = {
			isa = PBXNativeTarget;
			buildConfigurationList = 4C5756521C50AF94009C0BFB /* Build configuration list for PBXNativeTarget "FireworksTests" */;
			buildPhases = (
				4C5756371C50AF94009C0BFB /* Sources */,
				4C5756381C50AF94009C0BFB /* Frameworks */,
				4C5756391C50AF94009C0BFB /* Resources */,
			);
			buildRules = (
			);
			dependencies = (
				4C57563D1C50AF94009C0BFB /* PBXTargetDependency */,
			);
			name = FireworksTests;
			productName = FireworksTests;
			productReference = 4C57563B1C50AF94009C0BFB /* FireworksTests.xctest */;
			productType = "com.apple.product-type.bundle.unit-test";
		};
		4C5756451C50AF94009C0BFB /* FireworksUITests */ = {
			isa = PBXNativeTarget;
			buildConfigurationList = 4C5756551C50AF94009C0BFB /* Build configuration list for PBXNativeTarget "FireworksUITests" */;
			buildPhases = (
				4C5756421C50AF94009C0BFB /* Sources */,
				4C5756431C50AF94009C0BFB /* Frameworks */,
				4C5756441C50AF94009C0BFB /* Resources */,
			);
			buildRules = (
			);
			dependencies = (
				4C5756481C50AF94009C0BFB /* PBXTargetDependency */,
			);
			name = FireworksUITests;
			productName = FireworksUITests;
			productReference = 4C5756461C50AF94009C0BFB /* FireworksUITests.xctest */;
			productType = "com.apple.product-type.bundle.ui-testing";
		};
/* End PBXNativeTarget section */

/* Begin PBXProject section */
		4C57561A1C50AF93009C0BFB /* Project object */ = {
			isa = PBXProject;
			attributes = {
				LastUpgradeCheck = 0720;
				ORGANIZATIONNAME = mukr;
				TargetAttributes = {
					4C5756211C50AF93009C0BFB = {
						CreatedOnToolsVersion = 7.2;
					};
					4C57563A1C50AF94009C0BFB = {
						CreatedOnToolsVersion = 7.2;
						TestTargetID = 4C5756211C50AF93009C0BFB;
					};
					4C5756451C50AF94009C0BFB = {
						CreatedOnToolsVersion = 7.2;
						TestTargetID = 4C5756211C50AF93009C0BFB;
					};
				};
			};
			buildConfigurationList = 4C57561D1C50AF93009C0BFB /* Build configuration list for PBXProject "Fireworks" */;
			compatibilityVersion = "Xcode 3.2";
			developmentRegion = English;
			hasScannedForEncodings = 0;
			knownRegions = (
				en,
				Base,
			);
			mainGroup = 4C5756191C50AF93009C0BFB;
			productRefGroup = 4C5756231C50AF93009C0BFB /* Products */;
			projectDirPath = "";
			projectRoot = "";
			targets = (
				4C5756211C50AF93009C0BFB /* Fireworks */,
				4C57563A1C50AF94009C0BFB /* FireworksTests */,
				4C5756451C50AF94009C0BFB /* FireworksUITests */,
			);
		};
/* End PBXProject section */

/* Begin PBXResourcesBuildPhase section */
		4C5756201C50AF93009C0BFB /* Resources */ = {
			isa = PBXResourcesBuildPhase;
			buildActionMask = 2147483647;
			files = (
				4C5756351C50AF93009C0BFB /* LaunchScreen.storyboard in Resources */,
				4C57565F1C50B3A0009C0BFB /* snow.png in Resources */,
				4C5756611C50B3A5009C0BFB /* ball.png in Resources */,
				4C57565D1C50B0BB009C0BFB /* fire.png in Resources */,
				4C5756321C50AF93009C0BFB /* Assets.xcassets in Resources */,
				4C5756301C50AF93009C0BFB /* Main.storyboard in Resources */,
			);
			runOnlyForDeploymentPostprocessing = 0;
		};
		4C5756391C50AF94009C0BFB /* Resources */ = {
			isa = PBXResourcesBuildPhase;
			buildActionMask = 2147483647;
			files = (
			);
			runOnlyForDeploymentPostprocessing = 0;
		};
		4C5756441C50AF94009C0BFB /* Resources */ = {
			isa = PBXResourcesBuildPhase;
			buildActionMask = 2147483647;
			files = (
			);
			runOnlyForDeploymentPostprocessing = 0;
		};
/* End PBXResourcesBuildPhase section */

/* Begin PBXSourcesBuildPhase section */
		4C57561E1C50AF93009C0BFB /* Sources */ = {
			isa = PBXSourcesBuildPhase;
			buildActionMask = 2147483647;
			files = (
				4C57562D1C50AF93009C0BFB /* ViewController.m in Sources */,
				4C57562A1C50AF93009C0BFB /* AppDelegate.m in Sources */,
				4C5756271C50AF93009C0BFB /* main.m in Sources */,
			);
			runOnlyForDeploymentPostprocessing = 0;
		};
		4C5756371C50AF94009C0BFB /* Sources */ = {
			isa = PBXSourcesBuildPhase;
			buildActionMask = 2147483647;
			files = (
				4C5756401C50AF94009C0BFB /* FireworksTests.m in Sources */,
			);
			runOnlyForDeploymentPostprocessing = 0;
		};
		4C5756421C50AF94009C0BFB /* Sources */ = {
			isa = PBXSourcesBuildPhase;
			buildActionMask = 2147483647;
			files = (
				4C57564B1C50AF94009C0BFB /* FireworksUITests.m in Sources */,
			);
			runOnlyForDeploymentPostprocessing = 0;
		};
/* End PBXSourcesBuildPhase section */

/* Begin PBXTargetDependency section */
		4C57563D1C50AF94009C0BFB /* PBXTargetDependency */ = {
			isa = PBXTargetDependency;
			target = 4C5756211C50AF93009C0BFB /* Fireworks */;
			targetProxy = 4C57563C1C50AF94009C0BFB /* PBXContainerItemProxy */;
		};
		4C5756481C50AF94009C0BFB /* PBXTargetDependency */ = {
			isa = PBXTargetDependency;
			target = 4C5756211C50AF93009C0BFB /* Fireworks */;
			targetProxy = 4C5756471C50AF94009C0BFB /* PBXContainerItemProxy */;
		};
/* End PBXTargetDependency section */

/* Begin PBXVariantGroup section */
		4C57562E1C50AF93009C0BFB /* Main.storyboard */ = {
			isa = PBXVariantGroup;
			children = (
				4C57562F1C50AF93009C0BFB /* Base */,
			);
			name = Main.storyboard;
			sourceTree = "<group>";
		};
		4C5756331C50AF93009C0BFB /* LaunchScreen.storyboard */ = {
			isa = PBXVariantGroup;
			children = (
				4C5756341C50AF93009C0BFB /* Base */,
			);
			name = LaunchScreen.storyboard;
			sourceTree = "<group>";
		};
/* End PBXVariantGroup section */

/* Begin XCBuildConfiguration section */
		4C57564D1C50AF94009C0BFB /* Debug */ = {
			isa = XCBuildConfiguration;
			buildSettings = {
				ALWAYS_SEARCH_USER_PATHS = NO;
				CLANG_CXX_LANGUAGE_STANDARD = "gnu++0x";
				CLANG_CXX_LIBRARY = "libc++";
				CLANG_ENABLE_MODULES = YES;
				CLANG_ENABLE_OBJC_ARC = YES;
				CLANG_WARN_BOOL_CONVERSION = YES;
				CLANG_WARN_CONSTANT_CONVERSION = YES;
				CLANG_WARN_DIRECT_OBJC_ISA_USAGE = YES_ERROR;
				CLANG_WARN_EMPTY_BODY = YES;
				CLANG_WARN_ENUM_CONVERSION = YES;
				CLANG_WARN_INT_CONVERSION = YES;
				CLANG_WARN_OBJC_ROOT_CLASS = YES_ERROR;
				CLANG_WARN_UNREACHABLE_CODE = YES;
				CLANG_WARN__DUPLICATE_METHOD_MATCH = YES;
				"CODE_SIGN_IDENTITY[sdk=iphoneos*]" = "iPhone Developer";
				COPY_PHASE_STRIP = NO;
				DEBUG_INFORMATION_FORMAT = dwarf;
				ENABLE_STRICT_OBJC_MSGSEND = YES;
				ENABLE_TESTABILITY = YES;
				GCC_C_LANGUAGE_STANDARD = gnu99;
				GCC_DYNAMIC_NO_PIC = NO;
				GCC_NO_COMMON_BLOCKS = YES;
				GCC_OPTIMIZATION_LEVEL = 0;
				GCC_PREPROCESSOR_DEFINITIONS = (
					"DEBUG=1",
					"$(inherited)",
				);
				GCC_WARN_64_TO_32_BIT_CONVERSION = YES;
				GCC_WARN_ABOUT_RETURN_TYPE = YES_ERROR;
				GCC_WARN_UNDECLARED_SELECTOR = YES;
				GCC_WARN_UNINITIALIZED_AUTOS = YES_AGGRESSIVE;
				GCC_WARN_UNUSED_FUNCTION = YES;
				GCC_WARN_UNUSED_VARIABLE = YES;
				IPHONEOS_DEPLOYMENT_TARGET = 9.2;
				MTL_ENABLE_DEBUG_INFO = YES;
				ONLY_ACTIVE_ARCH = YES;
				SDKROOT = iphoneos;
			};
			name = Debug;
		};
		4C57564E1C50AF94009C0BFB /* Release */ = {
			isa = XCBuildConfiguration;
			buildSettings = {
				ALWAYS_SEARCH_USER_PATHS = NO;
				CLANG_CXX_LANGUAGE_STANDARD = "gnu++0x";
				CLANG_CXX_LIBRARY = "libc++";
				CLANG_ENABLE_MODULES = YES;
				CLANG_ENABLE_OBJC_ARC = YES;
				CLANG_WARN_BOOL_CONVERSION = YES;
				CLANG_WARN_CONSTANT_CONVERSION = YES;
				CLANG_WARN_DIRECT_OBJC_ISA_USAGE = YES_ERROR;
				CLANG_WARN_EMPTY_BODY = YES;
				CLANG_WARN_ENUM_CONVERSION = YES;
				CLANG_WARN_INT_CONVERSION = YES;
				CLANG_WARN_OBJC_ROOT_CLASS = YES_ERROR;
				CLANG_WARN_UNREACHABLE_CODE = YES;
				CLANG_WARN__DUPLICATE_METHOD_MATCH = YES;
				"CODE_SIGN_IDENTITY[sdk=iphoneos*]" = "iPhone Developer";
				COPY_PHASE_STRIP = NO;
				DEBUG_INFORMATION_FORMAT = "dwarf-with-dsym";
				ENABLE_NS_ASSERTIONS = NO;
				ENABLE_STRICT_OBJC_MSGSEND = YES;
				GCC_C_LANGUAGE_STANDARD = gnu99;
				GCC_NO_COMMON_BLOCKS = YES;
				GCC_WARN_64_TO_32_BIT_CONVERSION = YES;
				GCC_WARN_ABOUT_RETURN_TYPE = YES_ERROR;
				GCC_WARN_UNDECLARED_SELECTOR = YES;
				GCC_WARN_UNINITIALIZED_AUTOS = YES_AGGRESSIVE;
				GCC_WARN_UNUSED_FUNCTION = YES;
				GCC_WARN_UNUSED_VARIABLE = YES;
				IPHONEOS_DEPLOYMENT_TARGET = 9.2;
				MTL_ENABLE_DEBUG_INFO = NO;
				SDKROOT = iphoneos;
				VALIDATE_PRODUCT = YES;
			};
			name = Release;
		};
		4C5756501C50AF94009C0BFB /* Debug */ = {
			isa = XCBuildConfiguration;
			buildSettings = {
				ASSETCATALOG_COMPILER_APPICON_NAME = AppIcon;
				INFOPLIST_FILE = Fireworks/Info.plist;
				LD_RUNPATH_SEARCH_PATHS = "$(inherited) @executable_path/Frameworks";
				PRODUCT_BUNDLE_IDENTIFIER = com.weicaoshou.Fireworks;
				PRODUCT_NAME = "$(TARGET_NAME)";
			};
			name = Debug;
		};
		4C5756511C50AF94009C0BFB /* Release */ = {
			isa = XCBuildConfiguration;
			buildSettings = {
				ASSETCATALOG_COMPILER_APPICON_NAME = AppIcon;
				INFOPLIST_FILE = Fireworks/Info.plist;
				LD_RUNPATH_SEARCH_PATHS = "$(inherited) @executable_path/Frameworks";
				PRODUCT_BUNDLE_IDENTIFIER = com.weicaoshou.Fireworks;
				PRODUCT_NAME = "$(TARGET_NAME)";
			};
			name = Release;
		};
		4C5756531C50AF94009C0BFB /* Debug */ = {
			isa = XCBuildConfiguration;
			buildSettings = {
				BUNDLE_LOADER = "$(TEST_HOST)";
				INFOPLIST_FILE = FireworksTests/Info.plist;
				LD_RUNPATH_SEARCH_PATHS = "$(inherited) @executable_path/Frameworks @loader_path/Frameworks";
				PRODUCT_BUNDLE_IDENTIFIER = com.weicaoshou.FireworksTests;
				PRODUCT_NAME = "$(TARGET_NAME)";
				TEST_HOST = "$(BUILT_PRODUCTS_DIR)/Fireworks.app/Fireworks";
			};
			name = Debug;
		};
		4C5756541C50AF94009C0BFB /* Release */ = {
			isa = XCBuildConfiguration;
			buildSettings = {
				BUNDLE_LOADER = "$(TEST_HOST)";
				INFOPLIST_FILE = FireworksTests/Info.plist;
				LD_RUNPATH_SEARCH_PATHS = "$(inherited) @executable_path/Frameworks @loader_path/Frameworks";
				PRODUCT_BUNDLE_IDENTIFIER = com.weicaoshou.FireworksTests;
				PRODUCT_NAME = "$(TARGET_NAME)";
				TEST_HOST = "$(BUILT_PRODUCTS_DIR)/Fireworks.app/Fireworks";
			};
			name = Release;
		};
		4C5756561C50AF94009C0BFB /* Debug */ = {
			isa = XCBuildConfiguration;
			buildSettings = {
				INFOPLIST_FILE = FireworksUITests/Info.plist;
				LD_RUNPATH_SEARCH_PATHS = "$(inherited) @executable_path/Frameworks @loader_path/Frameworks";
				PRODUCT_BUNDLE_IDENTIFIER = com.weicaoshou.FireworksUITests;
				PRODUCT_NAME = "$(TARGET_NAME)";
				TEST_TARGET_NAME = Fireworks;
				USES_XCTRUNNER = YES;
			};
			name = Debug;
		};
		4C5756571C50AF94009C0BFB /* Release */ = {
			isa = XCBuildConfiguration;
			buildSettings = {
				INFOPLIST_FILE = FireworksUITests/Info.plist;
				LD_RUNPATH_SEARCH_PATHS = "$(inherited) @executable_path/Frameworks @loader_path/Frameworks";
				PRODUCT_BUNDLE_IDENTIFIER = com.weicaoshou.FireworksUITests;
				PRODUCT_NAME = "$(TARGET_NAME)";
				TEST_TARGET_NAME = Fireworks;
				USES_XCTRUNNER = YES;
			};
			name = Release;
		};
/* End XCBuildConfiguration section */

/* Begin XCConfigurationList section */
		4C57561D1C50AF93009C0BFB /* Build configuration list for PBXProject "Fireworks" */ = {
			isa = XCConfigurationList;
			buildConfigurations = (
				4C57564D1C50AF94009C0BFB /* Debug */,
				4C57564E1C50AF94009C0BFB /* Release */,
			);
			defaultConfigurationIsVisible = 0;
			defaultConfigurationName = Release;
		};
		4C57564F1C50AF94009C0BFB /* Build configuration list for PBXNativeTarget "Fireworks" */ = {
			isa = XCConfigurationList;
			buildConfigurations = (
				4C5756501C50AF94009C0BFB /* Debug */,
				4C5756511C50AF94009C0BFB /* Release */,
			);
			defaultConfigurationIsVisible = 0;
		};
		4C5756521C50AF94009C0BFB /* Build configuration list for PBXNativeTarget "FireworksTests" */ = {
			isa = XCConfigurationList;
			buildConfigurations = (
				4C5756531C50AF94009C0BFB /* Debug */,
				4C5756541C50AF94009C0BFB /* Release */,
			);
			defaultConfigurationIsVisible = 0;
		};
		4C5756551C50AF94009C0BFB /* Build configuration list for PBXNativeTarget "FireworksUITests" */ = {
			isa = XCConfigurationList;
			buildConfigurations = (
				4C5756561C50AF94009C0BFB /* Debug */,
				4C5756571C50AF94009C0BFB /* Release */,
			);
			defaultConfigurationIsVisible = 0;
		};
/* End XCConfigurationList section */
	};
	rootObject = 4C57561A1C50AF93009C0BFB /* Project object */;
}
